// !$*UTF8*$!
{
	archiveVersion = 1;
	classes = {
	};
	objectVersion = 56;
	objects = {

/* Begin PBXBuildFile section */
		6F1221EB2C88634F00F84DCA /* LoginViewController.swift in Sources */ = {isa = PBXBuildFile; fileRef = 6F1221EA2C88634F00F84DCA /* LoginViewController.swift */; };
		6F1221ED2C886BF300F84DCA /* LoginViewModel.swift in Sources */ = {isa = PBXBuildFile; fileRef = 6F1221EC2C886BF300F84DCA /* LoginViewModel.swift */; };
		6F1221EF2C8876B200F84DCA /* SignUpViewController.swift in Sources */ = {isa = PBXBuildFile; fileRef = 6F1221EE2C8876B200F84DCA /* SignUpViewController.swift */; };
		6F1221F12C8876BC00F84DCA /* SignUpViewModel.swift in Sources */ = {isa = PBXBuildFile; fileRef = 6F1221F02C8876BC00F84DCA /* SignUpViewModel.swift */; };
		6F1527F62C8AF0AE00F76990 /* PersonInfoViewController.swift in Sources */ = {isa = PBXBuildFile; fileRef = 6F1527F52C8AF0AE00F76990 /* PersonInfoViewController.swift */; };
		6F1527F82C8AF33F00F76990 /* InfoViewModel.swift in Sources */ = {isa = PBXBuildFile; fileRef = 6F1527F72C8AF33F00F76990 /* InfoViewModel.swift */; };
		6F61D2012C89B70F005C2265 /* RankTableViewCell.swift in Sources */ = {isa = PBXBuildFile; fileRef = 6F61D2002C89B70F005C2265 /* RankTableViewCell.swift */; };
		6F61D2042C89BB11005C2265 /* FSCalendar in Frameworks */ = {isa = PBXBuildFile; productRef = 6F61D2032C89BB11005C2265 /* FSCalendar */; };
		6F6272232C8A18560060979A /* RxCocoa in Frameworks */ = {isa = PBXBuildFile; productRef = 6F6272222C8A18560060979A /* RxCocoa */; };
		6F6272252C8A18560060979A /* RxSwift in Frameworks */ = {isa = PBXBuildFile; productRef = 6F6272242C8A18560060979A /* RxSwift */; };
		6F7EE2412C8AE14D00B5B04A /* TodoListViewController.swift in Sources */ = {isa = PBXBuildFile; fileRef = 6F7EE2402C8AE14D00B5B04A /* TodoListViewController.swift */; };
		6FF66F252C88318400B79C59 /* AppDelegate.swift in Sources */ = {isa = PBXBuildFile; fileRef = 6FF66F242C88318400B79C59 /* AppDelegate.swift */; };
		6FF66F272C88318400B79C59 /* SceneDelegate.swift in Sources */ = {isa = PBXBuildFile; fileRef = 6FF66F262C88318400B79C59 /* SceneDelegate.swift */; };
		6FF66F292C88318400B79C59 /* MainTabVarViewController.swift in Sources */ = {isa = PBXBuildFile; fileRef = 6FF66F282C88318400B79C59 /* MainTabVarViewController.swift */; };
		6FF66F2E2C88318400B79C59 /* Assets.xcassets in Resources */ = {isa = PBXBuildFile; fileRef = 6FF66F2D2C88318400B79C59 /* Assets.xcassets */; };
		6FF66F312C88318400B79C59 /* Base in Resources */ = {isa = PBXBuildFile; fileRef = 6FF66F302C88318400B79C59 /* Base */; };
		6FF66F402C8848DD00B79C59 /* MyPageViewController.swift in Sources */ = {isa = PBXBuildFile; fileRef = 6FF66F3F2C8848DD00B79C59 /* MyPageViewController.swift */; };
		6FF66F432C88495300B79C59 /* HomeViewController.swift in Sources */ = {isa = PBXBuildFile; fileRef = 6FF66F422C88495300B79C59 /* HomeViewController.swift */; };
		6FF66F462C8849FB00B79C59 /* Then in Frameworks */ = {isa = PBXBuildFile; productRef = 6FF66F452C8849FB00B79C59 /* Then */; };
		6FF66F492C884A0800B79C59 /* SnapKit in Frameworks */ = {isa = PBXBuildFile; productRef = 6FF66F482C884A0800B79C59 /* SnapKit */; };
/* End PBXBuildFile section */

/* Begin PBXFileReference section */
		6F1221EA2C88634F00F84DCA /* LoginViewController.swift */ = {isa = PBXFileReference; lastKnownFileType = sourcecode.swift; path = LoginViewController.swift; sourceTree = "<group>"; };
		6F1221EC2C886BF300F84DCA /* LoginViewModel.swift */ = {isa = PBXFileReference; lastKnownFileType = sourcecode.swift; path = LoginViewModel.swift; sourceTree = "<group>"; };
		6F1221EE2C8876B200F84DCA /* SignUpViewController.swift */ = {isa = PBXFileReference; lastKnownFileType = sourcecode.swift; path = SignUpViewController.swift; sourceTree = "<group>"; };
		6F1221F02C8876BC00F84DCA /* SignUpViewModel.swift */ = {isa = PBXFileReference; lastKnownFileType = sourcecode.swift; path = SignUpViewModel.swift; sourceTree = "<group>"; };
		6F1527F52C8AF0AE00F76990 /* PersonInfoViewController.swift */ = {isa = PBXFileReference; lastKnownFileType = sourcecode.swift; path = PersonInfoViewController.swift; sourceTree = "<group>"; };
		6F1527F72C8AF33F00F76990 /* InfoViewModel.swift */ = {isa = PBXFileReference; lastKnownFileType = sourcecode.swift; path = InfoViewModel.swift; sourceTree = "<group>"; };
		6F61D2002C89B70F005C2265 /* RankTableViewCell.swift */ = {isa = PBXFileReference; lastKnownFileType = sourcecode.swift; path = RankTableViewCell.swift; sourceTree = "<group>"; };
		6F7EE2402C8AE14D00B5B04A /* TodoListViewController.swift */ = {isa = PBXFileReference; lastKnownFileType = sourcecode.swift; path = TodoListViewController.swift; sourceTree = "<group>"; };
		6FF66F212C88318400B79C59 /* JS.app */ = {isa = PBXFileReference; explicitFileType = wrapper.application; includeInIndex = 0; path = JS.app; sourceTree = BUILT_PRODUCTS_DIR; };
		6FF66F242C88318400B79C59 /* AppDelegate.swift */ = {isa = PBXFileReference; lastKnownFileType = sourcecode.swift; path = AppDelegate.swift; sourceTree = "<group>"; };
		6FF66F262C88318400B79C59 /* SceneDelegate.swift */ = {isa = PBXFileReference; lastKnownFileType = sourcecode.swift; path = SceneDelegate.swift; sourceTree = "<group>"; };
		6FF66F282C88318400B79C59 /* MainTabVarViewController.swift */ = {isa = PBXFileReference; lastKnownFileType = sourcecode.swift; path = MainTabVarViewController.swift; sourceTree = "<group>"; };
		6FF66F2D2C88318400B79C59 /* Assets.xcassets */ = {isa = PBXFileReference; lastKnownFileType = folder.assetcatalog; path = Assets.xcassets; sourceTree = "<group>"; };
		6FF66F302C88318400B79C59 /* Base */ = {isa = PBXFileReference; lastKnownFileType = file.storyboard; name = Base; path = Base.lproj/LaunchScreen.storyboard; sourceTree = "<group>"; };
		6FF66F322C88318400B79C59 /* Info.plist */ = {isa = PBXFileReference; lastKnownFileType = text.plist.xml; path = Info.plist; sourceTree = "<group>"; };
		6FF66F3F2C8848DD00B79C59 /* MyPageViewController.swift */ = {isa = PBXFileReference; lastKnownFileType = sourcecode.swift; path = MyPageViewController.swift; sourceTree = "<group>"; };
		6FF66F422C88495300B79C59 /* HomeViewController.swift */ = {isa = PBXFileReference; lastKnownFileType = sourcecode.swift; path = HomeViewController.swift; sourceTree = "<group>"; };
/* End PBXFileReference section */

/* Begin PBXFrameworksBuildPhase section */
		6FF66F1E2C88318400B79C59 /* Frameworks */ = {
			isa = PBXFrameworksBuildPhase;
			buildActionMask = 2147483647;
			files = (
				6FF66F462C8849FB00B79C59 /* Then in Frameworks */,
				6F61D2042C89BB11005C2265 /* FSCalendar in Frameworks */,
				6F6272252C8A18560060979A /* RxSwift in Frameworks */,
				6F6272232C8A18560060979A /* RxCocoa in Frameworks */,
				6FF66F492C884A0800B79C59 /* SnapKit in Frameworks */,
			);
			runOnlyForDeploymentPostprocessing = 0;
		};
/* End PBXFrameworksBuildPhase section */

/* Begin PBXGroup section */
		6F7EE23F2C8AE13700B5B04A /* TodoList */ = {
			isa = PBXGroup;
			children = (
				6F7EE2402C8AE14D00B5B04A /* TodoListViewController.swift */,
			);
			path = TodoList;
			sourceTree = "<group>";
		};
		6FF66F182C88318400B79C59 = {
			isa = PBXGroup;
			children = (
				6FF66F232C88318400B79C59 /* JS */,
				6FF66F222C88318400B79C59 /* Products */,
			);
			sourceTree = "<group>";
		};
		6FF66F222C88318400B79C59 /* Products */ = {
			isa = PBXGroup;
			children = (
				6FF66F212C88318400B79C59 /* JS.app */,
			);
			name = Products;
			sourceTree = "<group>";
		};
		6FF66F232C88318400B79C59 /* JS */ = {
			isa = PBXGroup;
			children = (
				6FF66F3B2C8847C200B79C59 /* Sources */,
				6FF66F3A2C8847A200B79C59 /* Resources */,
				6FF66F382C88458200B79C59 /* App */,
			);
			path = JS;
			sourceTree = "<group>";
		};
		6FF66F382C88458200B79C59 /* App */ = {
			isa = PBXGroup;
			children = (
				6FF66F242C88318400B79C59 /* AppDelegate.swift */,
				6FF66F262C88318400B79C59 /* SceneDelegate.swift */,
			);
			path = App;
			sourceTree = "<group>";
		};
		6FF66F3A2C8847A200B79C59 /* Resources */ = {
			isa = PBXGroup;
			children = (
				6FF66F322C88318400B79C59 /* Info.plist */,
				6FF66F2D2C88318400B79C59 /* Assets.xcassets */,
				6FF66F2F2C88318400B79C59 /* LaunchScreen.storyboard */,
			);
			path = Resources;
			sourceTree = "<group>";
		};
		6FF66F3B2C8847C200B79C59 /* Sources */ = {
			isa = PBXGroup;
			children = (
				6F7EE23F2C8AE13700B5B04A /* TodoList */,
				6FF66F412C88490000B79C59 /* MyPage */,
				6FF66F3E2C8847DE00B79C59 /* SignUp */,
				6FF66F3D2C8847D800B79C59 /* Login */,
				6FF66F3C2C8847CF00B79C59 /* Main */,
			);
			path = Sources;
			sourceTree = "<group>";
		};
		6FF66F3C2C8847CF00B79C59 /* Main */ = {
			isa = PBXGroup;
			children = (
				6FF66F282C88318400B79C59 /* MainTabVarViewController.swift */,
				6FF66F422C88495300B79C59 /* HomeViewController.swift */,
			);
			path = Main;
			sourceTree = "<group>";
		};
		6FF66F3D2C8847D800B79C59 /* Login */ = {
			isa = PBXGroup;
			children = (
				6F1221EA2C88634F00F84DCA /* LoginViewController.swift */,
				6F1221EC2C886BF300F84DCA /* LoginViewModel.swift */,
			);
			path = Login;
			sourceTree = "<group>";
		};
		6FF66F3E2C8847DE00B79C59 /* SignUp */ = {
			isa = PBXGroup;
			children = (
				6F1221EE2C8876B200F84DCA /* SignUpViewController.swift */,
				6F1221F02C8876BC00F84DCA /* SignUpViewModel.swift */,
			);
			path = SignUp;
			sourceTree = "<group>";
		};
		6FF66F412C88490000B79C59 /* MyPage */ = {
			isa = PBXGroup;
			children = (
				6FF66F3F2C8848DD00B79C59 /* MyPageViewController.swift */,
				6F1527F72C8AF33F00F76990 /* InfoViewModel.swift */,
				6F1527F52C8AF0AE00F76990 /* PersonInfoViewController.swift */,
				6F61D2002C89B70F005C2265 /* RankTableViewCell.swift */,
			);
			path = MyPage;
			sourceTree = "<group>";
		};
/* End PBXGroup section */

/* Begin PBXNativeTarget section */
		6FF66F202C88318400B79C59 /* JS */ = {
			isa = PBXNativeTarget;
			buildConfigurationList = 6FF66F352C88318400B79C59 /* Build configuration list for PBXNativeTarget "JS" */;
			buildPhases = (
				6FF66F1D2C88318400B79C59 /* Sources */,
				6FF66F1E2C88318400B79C59 /* Frameworks */,
				6FF66F1F2C88318400B79C59 /* Resources */,
			);
			buildRules = (
			);
			dependencies = (
			);
			name = JS;
			packageProductDependencies = (
				6FF66F452C8849FB00B79C59 /* Then */,
				6FF66F482C884A0800B79C59 /* SnapKit */,
				6F61D2032C89BB11005C2265 /* FSCalendar */,
				6F6272222C8A18560060979A /* RxCocoa */,
				6F6272242C8A18560060979A /* RxSwift */,
			);
			productName = JS;
			productReference = 6FF66F212C88318400B79C59 /* JS.app */;
			productType = "com.apple.product-type.application";
		};
/* End PBXNativeTarget section */

/* Begin PBXProject section */
		6FF66F192C88318400B79C59 /* Project object */ = {
			isa = PBXProject;
			attributes = {
				BuildIndependentTargetsInParallel = 1;
				LastSwiftUpdateCheck = 1540;
				LastUpgradeCheck = 1540;
				TargetAttributes = {
					6FF66F202C88318400B79C59 = {
						CreatedOnToolsVersion = 15.4;
					};
				};
			};
			buildConfigurationList = 6FF66F1C2C88318400B79C59 /* Build configuration list for PBXProject "JS" */;
			compatibilityVersion = "Xcode 14.0";
			developmentRegion = en;
			hasScannedForEncodings = 0;
			knownRegions = (
				en,
				Base,
			);
			mainGroup = 6FF66F182C88318400B79C59;
			packageReferences = (
				6FF66F442C8849FB00B79C59 /* XCRemoteSwiftPackageReference "Then" */,
				6FF66F472C884A0800B79C59 /* XCRemoteSwiftPackageReference "SnapKit" */,
				6F61D2022C89BB11005C2265 /* XCRemoteSwiftPackageReference "FSCalendar" */,
				6F6272212C8A18550060979A /* XCRemoteSwiftPackageReference "RxSwift" */,
			);
			productRefGroup = 6FF66F222C88318400B79C59 /* Products */;
			projectDirPath = "";
			projectRoot = "";
			targets = (
				6FF66F202C88318400B79C59 /* JS */,
			);
		};
/* End PBXProject section */

/* Begin PBXResourcesBuildPhase section */
		6FF66F1F2C88318400B79C59 /* Resources */ = {
			isa = PBXResourcesBuildPhase;
			buildActionMask = 2147483647;
			files = (
				6FF66F2E2C88318400B79C59 /* Assets.xcassets in Resources */,
				6FF66F312C88318400B79C59 /* Base in Resources */,
			);
			runOnlyForDeploymentPostprocessing = 0;
		};
/* End PBXResourcesBuildPhase section */

/* Begin PBXSourcesBuildPhase section */
		6FF66F1D2C88318400B79C59 /* Sources */ = {
			isa = PBXSourcesBuildPhase;
			buildActionMask = 2147483647;
			files = (
				6F1527F82C8AF33F00F76990 /* InfoViewModel.swift in Sources */,
				6F1221EB2C88634F00F84DCA /* LoginViewController.swift in Sources */,
				6F7EE2412C8AE14D00B5B04A /* TodoListViewController.swift in Sources */,
				6FF66F402C8848DD00B79C59 /* MyPageViewController.swift in Sources */,
				6F1221EF2C8876B200F84DCA /* SignUpViewController.swift in Sources */,
				6F1221F12C8876BC00F84DCA /* SignUpViewModel.swift in Sources */,
				6FF66F292C88318400B79C59 /* MainTabVarViewController.swift in Sources */,
				6FF66F252C88318400B79C59 /* AppDelegate.swift in Sources */,
				6F1527F62C8AF0AE00F76990 /* PersonInfoViewController.swift in Sources */,
				6FF66F272C88318400B79C59 /* SceneDelegate.swift in Sources */,
				6FF66F432C88495300B79C59 /* HomeViewController.swift in Sources */,
				6F1221ED2C886BF300F84DCA /* LoginViewModel.swift in Sources */,
				6F61D2012C89B70F005C2265 /* RankTableViewCell.swift in Sources */,
			);
			runOnlyForDeploymentPostprocessing = 0;
		};
/* End PBXSourcesBuildPhase section */

/* Begin PBXVariantGroup section */
		6FF66F2F2C88318400B79C59 /* LaunchScreen.storyboard */ = {
			isa = PBXVariantGroup;
			children = (
				6FF66F302C88318400B79C59 /* Base */,
			);
			name = LaunchScreen.storyboard;
			sourceTree = "<group>";
		};
/* End PBXVariantGroup section */

/* Begin XCBuildConfiguration section */
		6FF66F332C88318400B79C59 /* Debug */ = {
			isa = XCBuildConfiguration;
			buildSettings = {
				ALWAYS_SEARCH_USER_PATHS = NO;
				ASSETCATALOG_COMPILER_GENERATE_SWIFT_ASSET_SYMBOL_EXTENSIONS = YES;
				CLANG_ANALYZER_NONNULL = YES;
				CLANG_ANALYZER_NUMBER_OBJECT_CONVERSION = YES_AGGRESSIVE;
				CLANG_CXX_LANGUAGE_STANDARD = "gnu++20";
				CLANG_ENABLE_MODULES = YES;
				CLANG_ENABLE_OBJC_ARC = YES;
				CLANG_ENABLE_OBJC_WEAK = YES;
				CLANG_WARN_BLOCK_CAPTURE_AUTORELEASING = YES;
				CLANG_WARN_BOOL_CONVERSION = YES;
				CLANG_WARN_COMMA = YES;
				CLANG_WARN_CONSTANT_CONVERSION = YES;
				CLANG_WARN_DEPRECATED_OBJC_IMPLEMENTATIONS = YES;
				CLANG_WARN_DIRECT_OBJC_ISA_USAGE = YES_ERROR;
				CLANG_WARN_DOCUMENTATION_COMMENTS = YES;
				CLANG_WARN_EMPTY_BODY = YES;
				CLANG_WARN_ENUM_CONVERSION = YES;
				CLANG_WARN_INFINITE_RECURSION = YES;
				CLANG_WARN_INT_CONVERSION = YES;
				CLANG_WARN_NON_LITERAL_NULL_CONVERSION = YES;
				CLANG_WARN_OBJC_IMPLICIT_RETAIN_SELF = YES;
				CLANG_WARN_OBJC_LITERAL_CONVERSION = YES;
				CLANG_WARN_OBJC_ROOT_CLASS = YES_ERROR;
				CLANG_WARN_QUOTED_INCLUDE_IN_FRAMEWORK_HEADER = YES;
				CLANG_WARN_RANGE_LOOP_ANALYSIS = YES;
				CLANG_WARN_STRICT_PROTOTYPES = YES;
				CLANG_WARN_SUSPICIOUS_MOVE = YES;
				CLANG_WARN_UNGUARDED_AVAILABILITY = YES_AGGRESSIVE;
				CLANG_WARN_UNREACHABLE_CODE = YES;
				CLANG_WARN__DUPLICATE_METHOD_MATCH = YES;
				COPY_PHASE_STRIP = NO;
				DEBUG_INFORMATION_FORMAT = dwarf;
				ENABLE_STRICT_OBJC_MSGSEND = YES;
				ENABLE_TESTABILITY = YES;
				ENABLE_USER_SCRIPT_SANDBOXING = YES;
				GCC_C_LANGUAGE_STANDARD = gnu17;
				GCC_DYNAMIC_NO_PIC = NO;
				GCC_NO_COMMON_BLOCKS = YES;
				GCC_OPTIMIZATION_LEVEL = 0;
				GCC_PREPROCESSOR_DEFINITIONS = (
					"DEBUG=1",
					"$(inherited)",
				);
				GCC_WARN_64_TO_32_BIT_CONVERSION = YES;
				GCC_WARN_ABOUT_RETURN_TYPE = YES_ERROR;
				GCC_WARN_UNDECLARED_SELECTOR = YES;
				GCC_WARN_UNINITIALIZED_AUTOS = YES_AGGRESSIVE;
				GCC_WARN_UNUSED_FUNCTION = YES;
				GCC_WARN_UNUSED_VARIABLE = YES;
				IPHONEOS_DEPLOYMENT_TARGET = 17.5;
				LOCALIZATION_PREFERS_STRING_CATALOGS = YES;
				MTL_ENABLE_DEBUG_INFO = INCLUDE_SOURCE;
				MTL_FAST_MATH = YES;
				ONLY_ACTIVE_ARCH = YES;
				SDKROOT = iphoneos;
				SWIFT_ACTIVE_COMPILATION_CONDITIONS = "DEBUG $(inherited)";
				SWIFT_OPTIMIZATION_LEVEL = "-Onone";
			};
			name = Debug;
		};
		6FF66F342C88318400B79C59 /* Release */ = {
			isa = XCBuildConfiguration;
			buildSettings = {
				ALWAYS_SEARCH_USER_PATHS = NO;
				ASSETCATALOG_COMPILER_GENERATE_SWIFT_ASSET_SYMBOL_EXTENSIONS = YES;
				CLANG_ANALYZER_NONNULL = YES;
				CLANG_ANALYZER_NUMBER_OBJECT_CONVERSION = YES_AGGRESSIVE;
				CLANG_CXX_LANGUAGE_STANDARD = "gnu++20";
				CLANG_ENABLE_MODULES = YES;
				CLANG_ENABLE_OBJC_ARC = YES;
				CLANG_ENABLE_OBJC_WEAK = YES;
				CLANG_WARN_BLOCK_CAPTURE_AUTORELEASING = YES;
				CLANG_WARN_BOOL_CONVERSION = YES;
				CLANG_WARN_COMMA = YES;
				CLANG_WARN_CONSTANT_CONVERSION = YES;
				CLANG_WARN_DEPRECATED_OBJC_IMPLEMENTATIONS = YES;
				CLANG_WARN_DIRECT_OBJC_ISA_USAGE = YES_ERROR;
				CLANG_WARN_DOCUMENTATION_COMMENTS = YES;
				CLANG_WARN_EMPTY_BODY = YES;
				CLANG_WARN_ENUM_CONVERSION = YES;
				CLANG_WARN_INFINITE_RECURSION = YES;
				CLANG_WARN_INT_CONVERSION = YES;
				CLANG_WARN_NON_LITERAL_NULL_CONVERSION = YES;
				CLANG_WARN_OBJC_IMPLICIT_RETAIN_SELF = YES;
				CLANG_WARN_OBJC_LITERAL_CONVERSION = YES;
				CLANG_WARN_OBJC_ROOT_CLASS = YES_ERROR;
				CLANG_WARN_QUOTED_INCLUDE_IN_FRAMEWORK_HEADER = YES;
				CLANG_WARN_RANGE_LOOP_ANALYSIS = YES;
				CLANG_WARN_STRICT_PROTOTYPES = YES;
				CLANG_WARN_SUSPICIOUS_MOVE = YES;
				CLANG_WARN_UNGUARDED_AVAILABILITY = YES_AGGRESSIVE;
				CLANG_WARN_UNREACHABLE_CODE = YES;
				CLANG_WARN__DUPLICATE_METHOD_MATCH = YES;
				COPY_PHASE_STRIP = NO;
				DEBUG_INFORMATION_FORMAT = "dwarf-with-dsym";
				ENABLE_NS_ASSERTIONS = NO;
				ENABLE_STRICT_OBJC_MSGSEND = YES;
				ENABLE_USER_SCRIPT_SANDBOXING = YES;
				GCC_C_LANGUAGE_STANDARD = gnu17;
				GCC_NO_COMMON_BLOCKS = YES;
				GCC_WARN_64_TO_32_BIT_CONVERSION = YES;
				GCC_WARN_ABOUT_RETURN_TYPE = YES_ERROR;
				GCC_WARN_UNDECLARED_SELECTOR = YES;
				GCC_WARN_UNINITIALIZED_AUTOS = YES_AGGRESSIVE;
				GCC_WARN_UNUSED_FUNCTION = YES;
				GCC_WARN_UNUSED_VARIABLE = YES;
				IPHONEOS_DEPLOYMENT_TARGET = 17.5;
				LOCALIZATION_PREFERS_STRING_CATALOGS = YES;
				MTL_ENABLE_DEBUG_INFO = NO;
				MTL_FAST_MATH = YES;
				SDKROOT = iphoneos;
				SWIFT_COMPILATION_MODE = wholemodule;
				VALIDATE_PRODUCT = YES;
			};
			name = Release;
		};
		6FF66F362C88318400B79C59 /* Debug */ = {
			isa = XCBuildConfiguration;
			buildSettings = {
				ASSETCATALOG_COMPILER_APPICON_NAME = AppIcon;
				ASSETCATALOG_COMPILER_GLOBAL_ACCENT_COLOR_NAME = AccentColor;
				CODE_SIGN_STYLE = Automatic;
				CURRENT_PROJECT_VERSION = 1;
				GENERATE_INFOPLIST_FILE = YES;
				INFOPLIST_FILE = JS/Resources/Info.plist;
				INFOPLIST_KEY_UIApplicationSupportsIndirectInputEvents = YES;
				INFOPLIST_KEY_UILaunchStoryboardName = LaunchScreen;
				INFOPLIST_KEY_UISupportedInterfaceOrientations_iPad = "UIInterfaceOrientationPortrait UIInterfaceOrientationPortraitUpsideDown UIInterfaceOrientationLandscapeLeft UIInterfaceOrientationLandscapeRight";
				INFOPLIST_KEY_UISupportedInterfaceOrientations_iPhone = "UIInterfaceOrientationPortrait UIInterfaceOrientationLandscapeLeft UIInterfaceOrientationLandscapeRight";
				LD_RUNPATH_SEARCH_PATHS = (
					"$(inherited)",
					"@executable_path/Frameworks",
				);
				MARKETING_VERSION = 1.0;
				PRODUCT_BUNDLE_IDENTIFIER = com.jihoon.JS;
				PRODUCT_NAME = "$(TARGET_NAME)";
				SWIFT_EMIT_LOC_STRINGS = YES;
				SWIFT_VERSION = 5.0;
				TARGETED_DEVICE_FAMILY = "1,2";
			};
			name = Debug;
		};
		6FF66F372C88318400B79C59 /* Release */ = {
			isa = XCBuildConfiguration;
			buildSettings = {
				ASSETCATALOG_COMPILER_APPICON_NAME = AppIcon;
				ASSETCATALOG_COMPILER_GLOBAL_ACCENT_COLOR_NAME = AccentColor;
				CODE_SIGN_STYLE = Automatic;
				CURRENT_PROJECT_VERSION = 1;
				GENERATE_INFOPLIST_FILE = YES;
				INFOPLIST_FILE = JS/Resources/Info.plist;
				INFOPLIST_KEY_UIApplicationSupportsIndirectInputEvents = YES;
				INFOPLIST_KEY_UILaunchStoryboardName = LaunchScreen;
				INFOPLIST_KEY_UISupportedInterfaceOrientations_iPad = "UIInterfaceOrientationPortrait UIInterfaceOrientationPortraitUpsideDown UIInterfaceOrientationLandscapeLeft UIInterfaceOrientationLandscapeRight";
				INFOPLIST_KEY_UISupportedInterfaceOrientations_iPhone = "UIInterfaceOrientationPortrait UIInterfaceOrientationLandscapeLeft UIInterfaceOrientationLandscapeRight";
				LD_RUNPATH_SEARCH_PATHS = (
					"$(inherited)",
					"@executable_path/Frameworks",
				);
				MARKETING_VERSION = 1.0;
				PRODUCT_BUNDLE_IDENTIFIER = com.jihoon.JS;
				PRODUCT_NAME = "$(TARGET_NAME)";
				SWIFT_EMIT_LOC_STRINGS = YES;
				SWIFT_VERSION = 5.0;
				TARGETED_DEVICE_FAMILY = "1,2";
			};
			name = Release;
		};
/* End XCBuildConfiguration section */

/* Begin XCConfigurationList section */
		6FF66F1C2C88318400B79C59 /* Build configuration list for PBXProject "JS" */ = {
			isa = XCConfigurationList;
			buildConfigurations = (
				6FF66F332C88318400B79C59 /* Debug */,
				6FF66F342C88318400B79C59 /* Release */,
			);
			defaultConfigurationIsVisible = 0;
			defaultConfigurationName = Release;
		};
		6FF66F352C88318400B79C59 /* Build configuration list for PBXNativeTarget "JS" */ = {
			isa = XCConfigurationList;
			buildConfigurations = (
				6FF66F362C88318400B79C59 /* Debug */,
				6FF66F372C88318400B79C59 /* Release */,
			);
			defaultConfigurationIsVisible = 0;
			defaultConfigurationName = Release;
		};
/* End XCConfigurationList section */

/* Begin XCRemoteSwiftPackageReference section */
		6F61D2022C89BB11005C2265 /* XCRemoteSwiftPackageReference "FSCalendar" */ = {
			isa = XCRemoteSwiftPackageReference;
			repositoryURL = "https://github.com/WenchaoD/FSCalendar";
			requirement = {
				kind = upToNextMajorVersion;
				minimumVersion = 2.8.4;
			};
		};
		6F6272212C8A18550060979A /* XCRemoteSwiftPackageReference "RxSwift" */ = {
			isa = XCRemoteSwiftPackageReference;
			repositoryURL = "https://github.com/ReactiveX/RxSwift.git";
			requirement = {
				kind = upToNextMajorVersion;
				minimumVersion = 6.7.1;
			};
		};
		6FF66F442C8849FB00B79C59 /* XCRemoteSwiftPackageReference "Then" */ = {
			isa = XCRemoteSwiftPackageReference;
			repositoryURL = "https://github.com/devxoul/Then";
			requirement = {
				kind = upToNextMajorVersion;
				minimumVersion = 3.0.0;
			};
		};
		6FF66F472C884A0800B79C59 /* XCRemoteSwiftPackageReference "SnapKit" */ = {
			isa = XCRemoteSwiftPackageReference;
			repositoryURL = "https://github.com/SnapKit/SnapKit.git";
			requirement = {
				kind = upToNextMajorVersion;
				minimumVersion = 5.7.1;
			};
		};
/* End XCRemoteSwiftPackageReference section */

/* Begin XCSwiftPackageProductDependency section */
		6F61D2032C89BB11005C2265 /* FSCalendar */ = {
			isa = XCSwiftPackageProductDependency;
			package = 6F61D2022C89BB11005C2265 /* XCRemoteSwiftPackageReference "FSCalendar" */;
			productName = FSCalendar;
		};
		6F6272222C8A18560060979A /* RxCocoa */ = {
			isa = XCSwiftPackageProductDependency;
			package = 6F6272212C8A18550060979A /* XCRemoteSwiftPackageReference "RxSwift" */;
			productName = RxCocoa;
		};
		6F6272242C8A18560060979A /* RxSwift */ = {
			isa = XCSwiftPackageProductDependency;
			package = 6F6272212C8A18550060979A /* XCRemoteSwiftPackageReference "RxSwift" */;
			productName = RxSwift;
		};
		6FF66F452C8849FB00B79C59 /* Then */ = {
			isa = XCSwiftPackageProductDependency;
			package = 6FF66F442C8849FB00B79C59 /* XCRemoteSwiftPackageReference "Then" */;
			productName = Then;
		};
		6FF66F482C884A0800B79C59 /* SnapKit */ = {
			isa = XCSwiftPackageProductDependency;
			package = 6FF66F472C884A0800B79C59 /* XCRemoteSwiftPackageReference "SnapKit" */;
			productName = SnapKit;
		};
/* End XCSwiftPackageProductDependency section */
	};
	rootObject = 6FF66F192C88318400B79C59 /* Project object */;
}
